
Microsoft Visual Studio Solution File, Format Version 12.00
Project("{FAE04EC0-301F-11D3-BF4B-00C04F79EFBC}") = "ConsoleApp1", "ConsoleApp1\ConsoleApp1.csproj", "{AEA84B8B-A673-4994-BA49-1C4982CF1BC0}"
EndProject
Global
	GlobalSection(SolutionConfigurationPlatforms) = preSolution
		Debug|Any CPU = Debug|Any CPU
		Release|Any CPU = Release|Any CPU
	EndGlobalSection
	GlobalSection(ProjectConfigurationPlatforms) = postSolution
		{AEA84B8B-A673-4994-BA49-1C4982CF1BC0}.Debug|Any CPU.ActiveCfg = Debug|Any CPU
		{AEA84B8B-A673-4994-BA49-1C4982CF1BC0}.Debug|Any CPU.Build.0 = Debug|Any CPU
		{AEA84B8B-A673-4994-BA49-1C4982CF1BC0}.Release|Any CPU.ActiveCfg = Release|Any CPU
		{AEA84B8B-A673-4994-BA49-1C4982CF1BC0}.Release|Any CPU.Build.0 = Release|Any CPU
	EndGlobalSection
EndGlobal
